
Microsoft Visual Studio Solution File, Format Version 12.00
# Visual Studio Version 16
VisualStudioVersion = 16.0.30907.101
MinimumVisualStudioVersion = 10.0.40219.1
Project("{9A19103F-16F7-4668-BE54-9A1E7A4F7556}") = "AlgoritmoDeBellmanFord", "AlgoritmoDeBellmanFord\AlgoritmoDeBellmanFord.csproj", "{D51B23A2-4F5B-41E8-850E-B8A2B13D8E6D}"
EndProject
Project("{9A19103F-16F7-4668-BE54-9A1E7A4F7556}") = "AlgoritmoDeDijkstra", "AlgoritmoDeDijkstra\AlgoritmoDeDijkstra.csproj", "{EEC57367-61E2-4348-B9D3-2FC3EC9FBDEE}"
EndProject
Project("{9A19103F-16F7-4668-BE54-9A1E7A4F7556}") = "AlgoritmoDeBuscaEmProfundidade", "AlgoritmoDeBuscaEmProfundidade\AlgoritmoDeBuscaEmProfundidade.csproj", "{C64D1247-B107-48A1-8FFC-EE2710E89F2B}"
EndProject
Project("{FAE04EC0-301F-11D3-BF4B-00C04F79EFBC}") = "AlgoritmoDeFloydWarshall", "AlgoritmoDeFloydWarshall\AlgoritmoDeFloydWarshall.csproj", "{503DE6FE-BB24-4005-B030-8CC84DE8903E}"
EndProject
Global
	GlobalSection(SolutionConfigurationPlatforms) = preSolution
		Debug|Any CPU = Debug|Any CPU
		Release|Any CPU = Release|Any CPU
	EndGlobalSection
	GlobalSection(ProjectConfigurationPlatforms) = postSolution
		{D51B23A2-4F5B-41E8-850E-B8A2B13D8E6D}.Debug|Any CPU.ActiveCfg = Debug|Any CPU
		{D51B23A2-4F5B-41E8-850E-B8A2B13D8E6D}.Debug|Any CPU.Build.0 = Debug|Any CPU
		{D51B23A2-4F5B-41E8-850E-B8A2B13D8E6D}.Release|Any CPU.ActiveCfg = Release|Any CPU
		{D51B23A2-4F5B-41E8-850E-B8A2B13D8E6D}.Release|Any CPU.Build.0 = Release|Any CPU
		{EEC57367-61E2-4348-B9D3-2FC3EC9FBDEE}.Debug|Any CPU.ActiveCfg = Debug|Any CPU
		{EEC57367-61E2-4348-B9D3-2FC3EC9FBDEE}.Debug|Any CPU.Build.0 = Debug|Any CPU
		{EEC57367-61E2-4348-B9D3-2FC3EC9FBDEE}.Release|Any CPU.ActiveCfg = Release|Any CPU
		{EEC57367-61E2-4348-B9D3-2FC3EC9FBDEE}.Release|Any CPU.Build.0 = Release|Any CPU
		{C64D1247-B107-48A1-8FFC-EE2710E89F2B}.Debug|Any CPU.ActiveCfg = Debug|Any CPU
		{C64D1247-B107-48A1-8FFC-EE2710E89F2B}.Debug|Any CPU.Build.0 = Debug|Any CPU
		{C64D1247-B107-48A1-8FFC-EE2710E89F2B}.Release|Any CPU.ActiveCfg = Release|Any CPU
		{C64D1247-B107-48A1-8FFC-EE2710E89F2B}.Release|Any CPU.Build.0 = Release|Any CPU
		{503DE6FE-BB24-4005-B030-8CC84DE8903E}.Debug|Any CPU.ActiveCfg = Debug|Any CPU
		{503DE6FE-BB24-4005-B030-8CC84DE8903E}.Debug|Any CPU.Build.0 = Debug|Any CPU
		{503DE6FE-BB24-4005-B030-8CC84DE8903E}.Release|Any CPU.ActiveCfg = Release|Any CPU
		{503DE6FE-BB24-4005-B030-8CC84DE8903E}.Release|Any CPU.Build.0 = Release|Any CPU
	EndGlobalSection
	GlobalSection(SolutionProperties) = preSolution
		HideSolutionNode = FALSE
	EndGlobalSection
	GlobalSection(ExtensibilityGlobals) = postSolution
		SolutionGuid = {19D5CFBE-E057-4A24-A759-231296361C3D}
	EndGlobalSection
EndGlobal
